// !$*UTF8*$!
{
	archiveVersion = 1;
	classes = {
	};
	objectVersion = 48;
	objects = {

/* Begin PBXBuildFile section */
		C43A143F1FC1181A00B082C9 /* AppDelegate.swift in Sources */ = {isa = PBXBuildFile; fileRef = C43A143E1FC1181A00B082C9 /* AppDelegate.swift */; };
		C43A14411FC1181A00B082C9 /* ViewController.swift in Sources */ = {isa = PBXBuildFile; fileRef = C43A14401FC1181A00B082C9 /* ViewController.swift */; };
		C43A14441FC1181A00B082C9 /* Main.storyboard in Resources */ = {isa = PBXBuildFile; fileRef = C43A14421FC1181A00B082C9 /* Main.storyboard */; };
		C43A14461FC1181A00B082C9 /* Assets.xcassets in Resources */ = {isa = PBXBuildFile; fileRef = C43A14451FC1181A00B082C9 /* Assets.xcassets */; };
		C43A14491FC1181A00B082C9 /* LaunchScreen.storyboard in Resources */ = {isa = PBXBuildFile; fileRef = C43A14471FC1181A00B082C9 /* LaunchScreen.storyboard */; };
		C43A14511FC11B5400B082C9 /* MyDishModel.mlmodel in Sources */ = {isa = PBXBuildFile; fileRef = C43A14501FC11B5400B082C9 /* MyDishModel.mlmodel */; };
/* End PBXBuildFile section */

/* Begin PBXFileReference section */
		C43A143B1FC1181A00B082C9 /* MyDish.app */ = {isa = PBXFileReference; explicitFileType = wrapper.application; includeInIndex = 0; path = MyDish.app; sourceTree = BUILT_PRODUCTS_DIR; };
		C43A143E1FC1181A00B082C9 /* AppDelegate.swift */ = {isa = PBXFileReference; lastKnownFileType = sourcecode.swift; path = AppDelegate.swift; sourceTree = "<group>"; };
		C43A14401FC1181A00B082C9 /* ViewController.swift */ = {isa = PBXFileReference; lastKnownFileType = sourcecode.swift; path = ViewController.swift; sourceTree = "<group>"; };
		C43A14431FC1181A00B082C9 /* Base */ = {isa = PBXFileReference; lastKnownFileType = file.storyboard; name = Base; path = Base.lproj/Main.storyboard; sourceTree = "<group>"; };
		C43A14451FC1181A00B082C9 /* Assets.xcassets */ = {isa = PBXFileReference; lastKnownFileType = folder.assetcatalog; path = Assets.xcassets; sourceTree = "<group>"; };
		C43A14481FC1181A00B082C9 /* Base */ = {isa = PBXFileReference; lastKnownFileType = file.storyboard; name = Base; path = Base.lproj/LaunchScreen.storyboard; sourceTree = "<group>"; };
		C43A144A1FC1181A00B082C9 /* Info.plist */ = {isa = PBXFileReference; lastKnownFileType = text.plist.xml; path = Info.plist; sourceTree = "<group>"; };
		C43A14501FC11B5400B082C9 /* MyDishModel.mlmodel */ = {isa = PBXFileReference; lastKnownFileType = file.mlmodel; path = MyDishModel.mlmodel; sourceTree = "<group>"; };
/* End PBXFileReference section */

/* Begin PBXFrameworksBuildPhase section */
		C43A14381FC1181A00B082C9 /* Frameworks */ = {
			isa = PBXFrameworksBuildPhase;
			buildActionMask = 2147483647;
			files = (
			);
			runOnlyForDeploymentPostprocessing = 0;
		};
/* End PBXFrameworksBuildPhase section */

/* Begin PBXGroup section */
		C43A14321FC1181900B082C9 = {
			isa = PBXGroup;
			children = (
				C43A143D1FC1181A00B082C9 /* MyDish */,
				C43A143C1FC1181A00B082C9 /* Products */,
			);
			sourceTree = "<group>";
		};
		C43A143C1FC1181A00B082C9 /* Products */ = {
			isa = PBXGroup;
			children = (
				C43A143B1FC1181A00B082C9 /* MyDish.app */,
			);
			name = Products;
			sourceTree = "<group>";
		};
		C43A143D1FC1181A00B082C9 /* MyDish */ = {
			isa = PBXGroup;
			children = (
				C43A14501FC11B5400B082C9 /* MyDishModel.mlmodel */,
				C43A143E1FC1181A00B082C9 /* AppDelegate.swift */,
				C43A14401FC1181A00B082C9 /* ViewController.swift */,
				C43A14421FC1181A00B082C9 /* Main.storyboard */,
				C43A14451FC1181A00B082C9 /* Assets.xcassets */,
				C43A14471FC1181A00B082C9 /* LaunchScreen.storyboard */,
				C43A144A1FC1181A00B082C9 /* Info.plist */,
			);
			path = MyDish;
			sourceTree = "<group>";
		};
/* End PBXGroup section */

/* Begin PBXNativeTarget section */
		C43A143A1FC1181A00B082C9 /* MyDish */ = {
			isa = PBXNativeTarget;
			buildConfigurationList = C43A144D1FC1181A00B082C9 /* Build configuration list for PBXNativeTarget "MyDish" */;
			buildPhases = (
				C43A14371FC1181A00B082C9 /* Sources */,
				C43A14381FC1181A00B082C9 /* Frameworks */,
				C43A14391FC1181A00B082C9 /* Resources */,
			);
			buildRules = (
			);
			dependencies = (
			);
			name = MyDish;
			productName = MyDish;
			productReference = C43A143B1FC1181A00B082C9 /* MyDish.app */;
			productType = "com.apple.product-type.application";
		};
/* End PBXNativeTarget section */

/* Begin PBXProject section */
		C43A14331FC1181900B082C9 /* Project object */ = {
			isa = PBXProject;
			attributes = {
				LastSwiftUpdateCheck = 0910;
				LastUpgradeCheck = 0910;
				ORGANIZATIONNAME = NateKim;
				TargetAttributes = {
					C43A143A1FC1181A00B082C9 = {
						CreatedOnToolsVersion = 9.1;
						ProvisioningStyle = Automatic;
					};
				};
			};
			buildConfigurationList = C43A14361FC1181900B082C9 /* Build configuration list for PBXProject "MyDish" */;
			compatibilityVersion = "Xcode 8.0";
			developmentRegion = en;
			hasScannedForEncodings = 0;
			knownRegions = (
				en,
				Base,
			);
			mainGroup = C43A14321FC1181900B082C9;
			productRefGroup = C43A143C1FC1181A00B082C9 /* Products */;
			projectDirPath = "";
			projectRoot = "";
			targets = (
				C43A143A1FC1181A00B082C9 /* MyDish */,
			);
		};
/* End PBXProject section */

/* Begin PBXResourcesBuildPhase section */
		C43A14391FC1181A00B082C9 /* Resources */ = {
			isa = PBXResourcesBuildPhase;
			buildActionMask = 2147483647;
			files = (
				C43A14491FC1181A00B082C9 /* LaunchScreen.storyboard in Resources */,
				C43A14461FC1181A00B082C9 /* Assets.xcassets in Resources */,
				C43A14441FC1181A00B082C9 /* Main.storyboard in Resources */,
			);
			runOnlyForDeploymentPostprocessing = 0;
		};
/* End PBXResourcesBuildPhase section */

/* Begin PBXSourcesBuildPhase section */
		C43A14371FC1181A00B082C9 /* Sources */ = {
			isa = PBXSourcesBuildPhase;
			buildActionMask = 2147483647;
			files = (
				C43A14511FC11B5400B082C9 /* MyDishModel.mlmodel in Sources */,
				C43A14411FC1181A00B082C9 /* ViewController.swift in Sources */,
				C43A143F1FC1181A00B082C9 /* AppDelegate.swift in Sources */,
			);
			runOnlyForDeploymentPostprocessing = 0;
		};
/* End PBXSourcesBuildPhase section */

/* Begin PBXVariantGroup section */
		C43A14421FC1181A00B082C9 /* Main.storyboard */ = {
			isa = PBXVariantGroup;
			children = (
				C43A14431FC1181A00B082C9 /* Base */,
			);
			name = Main.storyboard;
			sourceTree = "<group>";
		};
		C43A14471FC1181A00B082C9 /* LaunchScreen.storyboard */ = {
			isa = PBXVariantGroup;
			children = (
				C43A14481FC1181A00B082C9 /* Base */,
			);
			name = LaunchScreen.storyboard;
			sourceTree = "<group>";
		};
/* End PBXVariantGroup section */

/* Begin XCBuildConfiguration section */
		C43A144B1FC1181A00B082C9 /* Debug */ = {
			isa = XCBuildConfiguration;
			buildSettings = {
				ALWAYS_SEARCH_USER_PATHS = NO;
				CLANG_ANALYZER_NONNULL = YES;
				CLANG_ANALYZER_NUMBER_OBJECT_CONVERSION = YES_AGGRESSIVE;
				CLANG_CXX_LANGUAGE_STANDARD = "gnu++14";
				CLANG_CXX_LIBRARY = "libc++";
				CLANG_ENABLE_MODULES = YES;
				CLANG_ENABLE_OBJC_ARC = YES;
				CLANG_WARN_BLOCK_CAPTURE_AUTORELEASING = YES;
				CLANG_WARN_BOOL_CONVERSION = YES;
				CLANG_WARN_COMMA = YES;
				CLANG_WARN_CONSTANT_CONVERSION = YES;
				CLANG_WARN_DIRECT_OBJC_ISA_USAGE = YES_ERROR;
				CLANG_WARN_DOCUMENTATION_COMMENTS = YES;
				CLANG_WARN_EMPTY_BODY = YES;
				CLANG_WARN_ENUM_CONVERSION = YES;
				CLANG_WARN_INFINITE_RECURSION = YES;
				CLANG_WARN_INT_CONVERSION = YES;
				CLANG_WARN_NON_LITERAL_NULL_CONVERSION = YES;
				CLANG_WARN_OBJC_LITERAL_CONVERSION = YES;
				CLANG_WARN_OBJC_ROOT_CLASS = YES_ERROR;
				CLANG_WARN_RANGE_LOOP_ANALYSIS = YES;
				CLANG_WARN_STRICT_PROTOTYPES = YES;
				CLANG_WARN_SUSPICIOUS_MOVE = YES;
				CLANG_WARN_UNGUARDED_AVAILABILITY = YES_AGGRESSIVE;
				CLANG_WARN_UNREACHABLE_CODE = YES;
				CLANG_WARN__DUPLICATE_METHOD_MATCH = YES;
				CODE_SIGN_IDENTITY = "iPhone Developer";
				COPY_PHASE_STRIP = NO;
				DEBUG_INFORMATION_FORMAT = dwarf;
				ENABLE_STRICT_OBJC_MSGSEND = YES;
				ENABLE_TESTABILITY = YES;
				GCC_C_LANGUAGE_STANDARD = gnu11;
				GCC_DYNAMIC_NO_PIC = NO;
				GCC_NO_COMMON_BLOCKS = YES;
				GCC_OPTIMIZATION_LEVEL = 0;
				GCC_PREPROCESSOR_DEFINITIONS = (
					"DEBUG=1",
					"$(inherited)",
				);
				GCC_WARN_64_TO_32_BIT_CONVERSION = YES;
				GCC_WARN_ABOUT_RETURN_TYPE = YES_ERROR;
				GCC_WARN_UNDECLARED_SELECTOR = YES;
				GCC_WARN_UNINITIALIZED_AUTOS = YES_AGGRESSIVE;
				GCC_WARN_UNUSED_FUNCTION = YES;
				GCC_WARN_UNUSED_VARIABLE = YES;
				IPHONEOS_DEPLOYMENT_TARGET = 11.1;
				MTL_ENABLE_DEBUG_INFO = YES;
				ONLY_ACTIVE_ARCH = YES;
				SDKROOT = iphoneos;
				SWIFT_ACTIVE_COMPILATION_CONDITIONS = DEBUG;
				SWIFT_OPTIMIZATION_LEVEL = "-Onone";
			};
			name = Debug;
		};
		C43A144C1FC1181A00B082C9 /* Release */ = {
			isa = XCBuildConfiguration;
			buildSettings = {
				ALWAYS_SEARCH_USER_PATHS = NO;
				CLANG_ANALYZER_NONNULL = YES;
				CLANG_ANALYZER_NUMBER_OBJECT_CONVERSION = YES_AGGRESSIVE;
				CLANG_CXX_LANGUAGE_STANDARD = "gnu++14";
				CLANG_CXX_LIBRARY = "libc++";
				CLANG_ENABLE_MODULES = YES;
				CLANG_ENABLE_OBJC_ARC = YES;
				CLANG_WARN_BLOCK_CAPTURE_AUTORELEASING = YES;
				CLANG_WARN_BOOL_CONVERSION = YES;
				CLANG_WARN_COMMA = YES;
				CLANG_WARN_CONSTANT_CONVERSION = YES;
				CLANG_WARN_DIRECT_OBJC_ISA_USAGE = YES_ERROR;
				CLANG_WARN_DOCUMENTATION_COMMENTS = YES;
				CLANG_WARN_EMPTY_BODY = YES;
				CLANG_WARN_ENUM_CONVERSION = YES;
				CLANG_WARN_INFINITE_RECURSION = YES;
				CLANG_WARN_INT_CONVERSION = YES;
				CLANG_WARN_NON_LITERAL_NULL_CONVERSION = YES;
				CLANG_WARN_OBJC_LITERAL_CONVERSION = YES;
				CLANG_WARN_OBJC_ROOT_CLASS = YES_ERROR;
				CLANG_WARN_RANGE_LOOP_ANALYSIS = YES;
				CLANG_WARN_STRICT_PROTOTYPES = YES;
				CLANG_WARN_SUSPICIOUS_MOVE = YES;
				CLANG_WARN_UNGUARDED_AVAILABILITY = YES_AGGRESSIVE;
				CLANG_WARN_UNREACHABLE_CODE = YES;
				CLANG_WARN__DUPLICATE_METHOD_MATCH = YES;
				CODE_SIGN_IDENTITY = "iPhone Developer";
				COPY_PHASE_STRIP = NO;
				DEBUG_INFORMATION_FORMAT = "dwarf-with-dsym";
				ENABLE_NS_ASSERTIONS = NO;
				ENABLE_STRICT_OBJC_MSGSEND = YES;
				GCC_C_LANGUAGE_STANDARD = gnu11;
				GCC_NO_COMMON_BLOCKS = YES;
				GCC_WARN_64_TO_32_BIT_CONVERSION = YES;
				GCC_WARN_ABOUT_RETURN_TYPE = YES_ERROR;
				GCC_WARN_UNDECLARED_SELECTOR = YES;
				GCC_WARN_UNINITIALIZED_AUTOS = YES_AGGRESSIVE;
				GCC_WARN_UNUSED_FUNCTION = YES;
				GCC_WARN_UNUSED_VARIABLE = YES;
				IPHONEOS_DEPLOYMENT_TARGET = 11.1;
				MTL_ENABLE_DEBUG_INFO = NO;
				SDKROOT = iphoneos;
				SWIFT_OPTIMIZATION_LEVEL = "-Owholemodule";
				VALIDATE_PRODUCT = YES;
			};
			name = Release;
		};
		C43A144E1FC1181A00B082C9 /* Debug */ = {
			isa = XCBuildConfiguration;
			buildSettings = {
				ASSETCATALOG_COMPILER_APPICON_NAME = AppIcon;
				CODE_SIGN_STYLE = Automatic;
				DEVELOPMENT_TEAM = DYF5RYRBAS;
				INFOPLIST_FILE = MyDish/Info.plist;
				LD_RUNPATH_SEARCH_PATHS = "$(inherited) @executable_path/Frameworks";
				PRODUCT_BUNDLE_IDENTIFIER = glwithu06.github.io.MyDish;
				PRODUCT_NAME = "$(TARGET_NAME)";
				SWIFT_VERSION = 4.0;
				TARGETED_DEVICE_FAMILY = 1;
			};
			name = Debug;
		};
		C43A144F1FC1181A00B082C9 /* Release */ = {
			isa = XCBuildConfiguration;
			buildSettings = {
				ASSETCATALOG_COMPILER_APPICON_NAME = AppIcon;
				CODE_SIGN_STYLE = Automatic;
				DEVELOPMENT_TEAM = DYF5RYRBAS;
				INFOPLIST_FILE = MyDish/Info.plist;
				LD_RUNPATH_SEARCH_PATHS = "$(inherited) @executable_path/Frameworks";
				PRODUCT_BUNDLE_IDENTIFIER = glwithu06.github.io.MyDish;
				PRODUCT_NAME = "$(TARGET_NAME)";
				SWIFT_VERSION = 4.0;
				TARGETED_DEVICE_FAMILY = 1;
			};
			name = Release;
		};
/* End XCBuildConfiguration section */

/* Begin XCConfigurationList section */
		C43A14361FC1181900B082C9 /* Build configuration list for PBXProject "MyDish" */ = {
			isa = XCConfigurationList;
			buildConfigurations = (
				C43A144B1FC1181A00B082C9 /* Debug */,
				C43A144C1FC1181A00B082C9 /* Release */,
			);
			defaultConfigurationIsVisible = 0;
			defaultConfigurationName = Release;
		};
		C43A144D1FC1181A00B082C9 /* Build configuration list for PBXNativeTarget "MyDish" */ = {
			isa = XCConfigurationList;
			buildConfigurations = (
				C43A144E1FC1181A00B082C9 /* Debug */,
				C43A144F1FC1181A00B082C9 /* Release */,
			);
			defaultConfigurationIsVisible = 0;
			defaultConfigurationName = Release;
		};
/* End XCConfigurationList section */
	};
	rootObject = C43A14331FC1181900B082C9 /* Project object */;
}
